{
  "name": "@tg-ads-mediation/ads",
  "version": "0.0.1-alpha.8",
  "lockfileVersion": 3,
  "requires": true,
  "packages": {
    "": {
      "name": "@tg-ads-mediation/ads",
      "version": "0.0.1-alpha.8",
      "devDependencies": {
        "@clearcodehq/openrtb": "^1.0.1",
        "lefthook": "^1.6.1",
        "typescript": "~5.3.3"
      },
      "engines": {
        "node": ">=18.0.0",
        "npm": ">=9.0.0"
      }
    },
    "node_modules/@clearcodehq/openrtb": {
      "version": "1.0.1",
      "resolved": "https://registry.npmjs.org/@clearcodehq/openrtb/-/openrtb-1.0.1.tgz",
      "integrity": "sha512-DdGiuvXXVNsNPZ4K8bN7JzsONqKIBQxm8WlR0+SSm8IIaDdq/MfOsV2IQx1w/HxYCKtSkVCaovx6uXYtkdSvqg==",
      "dev": true
    },
    "node_modules/lefthook": {
      "version": "1.6.1",
      "resolved": "https://registry.npmjs.org/lefthook/-/lefthook-1.6.1.tgz",
      "integrity": "sha512-1T+tk0V6ubZgiZJGi39QlLMAcgEw+lhoDeSpT3L8Y/f8nUpJW9ntcMOmt+uvMfQ3TVjNcR1r/Lhtm7gTqgdcPg==",
      "dev": true,
      "hasInstallScript": true,
      "bin": {
        "lefthook": "bin/index.js"
      },
      "optionalDependencies": {
        "lefthook-darwin-arm64": "1.6.1",
        "lefthook-darwin-x64": "1.6.1",
        "lefthook-freebsd-arm64": "1.6.1",
        "lefthook-freebsd-x64": "1.6.1",
        "lefthook-linux-arm64": "1.6.1",
        "lefthook-linux-x64": "1.6.1",
        "lefthook-windows-arm64": "1.6.1",
        "lefthook-windows-x64": "1.6.1"
      }
    },
    "node_modules/lefthook-darwin-arm64": {
      "version": "1.6.1",
      "resolved": "https://registry.npmjs.org/lefthook-darwin-arm64/-/lefthook-darwin-arm64-1.6.1.tgz",
      "integrity": "sha512-q6+sYr2Dpt6YnBGXRjMFcXZUnVB97nH+s7EP/tX8m9ewvQxLPqIiUPyAumfyJ2Siomkc5WgAinG+kT63VjUN3A==",
      "cpu": [
        "arm64"
      ],
      "dev": true,
      "optional": true,
      "os": [
        "darwin"
      ]
    },
    "node_modules/lefthook-darwin-x64": {
      "version": "1.6.1",
      "resolved": "https://registry.npmjs.org/lefthook-darwin-x64/-/lefthook-darwin-x64-1.6.1.tgz",
      "integrity": "sha512-utm7FwtbW8SxGMALIw5/iG4loYS2FI0crDKp/YIamrZgQr6M4pS2C3rxGj5OwiHFIm3arVU+3VZywdvRLJAw0w==",
      "cpu": [
        "x64"
      ],
      "dev": true,
      "optional": true,
      "os": [
        "darwin"
      ]
    },
    "node_modules/lefthook-freebsd-arm64": {
      "version": "1.6.1",
      "resolved": "https://registry.npmjs.org/lefthook-freebsd-arm64/-/lefthook-freebsd-arm64-1.6.1.tgz",
      "integrity": "sha512-F2BoDnGznkJyn6lyhmXpu62yq7SMCeHAl3Bl8c+P6mXfmatjjxEpVmrzRuzKMPd/MRGpy2B/glkuyO4wZZazow==",
      "cpu": [
        "arm64"
      ],
      "dev": true,
      "optional": true,
      "os": [
        "freebsd"
      ]
    },
    "node_modules/lefthook-freebsd-x64": {
      "version": "1.6.1",
      "resolved": "https://registry.npmjs.org/lefthook-freebsd-x64/-/lefthook-freebsd-x64-1.6.1.tgz",
      "integrity": "sha512-/NBjMUtnwvdc/p821sfPnZCbWZ6FQkAvnvjoaQu6tkajKZbZYSKsl7UtAicO0nT+79BQFt7TbaZjpua2T9tM5w==",
      "cpu": [
        "x64"
      ],
      "dev": true,
      "optional": true,
      "os": [
        "freebsd"
      ]
    },
    "node_modules/lefthook-linux-arm64": {
      "version": "1.6.1",
      "resolved": "https://registry.npmjs.org/lefthook-linux-arm64/-/lefthook-linux-arm64-1.6.1.tgz",
      "integrity": "sha512-ke+2ni/bmxgYJSRsH+uIYYfTLj2It7WP+mcF4rfJHRbzn5yDYIjFgylUMC2CgW5urS4DSbxcRIbAqLY3OXAHnw==",
      "cpu": [
        "arm64"
      ],
      "dev": true,
      "optional": true,
      "os": [
        "linux"
      ]
    },
    "node_modules/lefthook-linux-x64": {
      "version": "1.6.1",
      "resolved": "https://registry.npmjs.org/lefthook-linux-x64/-/lefthook-linux-x64-1.6.1.tgz",
      "integrity": "sha512-/HLkl9jt3XRjT0RPaLpAgUQmvp4zV/KKZ/8x6xslPl89krv3ZkHKKrqeaHdhiengq3hzx3N+KbOfFcxBRzdT6A==",
      "cpu": [
        "x64"
      ],
      "dev": true,
      "optional": true,
      "os": [
        "linux"
      ]
    },
    "node_modules/lefthook-windows-arm64": {
      "version": "1.6.1",
      "resolved": "https://registry.npmjs.org/lefthook-windows-arm64/-/lefthook-windows-arm64-1.6.1.tgz",
      "integrity": "sha512-RyQ8S4/45BpJpRPy7KsOuJeXQ5FOa7MASoPtOYvrXt4A8kayCv1jlGs7MTv3XJbUosCJhfNpw3ReeHVGfw1KIw==",
      "cpu": [
        "arm64"
      ],
      "dev": true,
      "optional": true,
      "os": [
        "win32"
      ]
    },
    "node_modules/lefthook-windows-x64": {
      "version": "1.6.1",
      "resolved": "https://registry.npmjs.org/lefthook-windows-x64/-/lefthook-windows-x64-1.6.1.tgz",
      "integrity": "sha512-poYLk2tfg1Ncr4aZeFuhHjv1qH6f9hX3tV1FOK2MfWkXkRTYPl6MF5h/ONMIv71BsLjGbAA7LNXM5Mj4/B//lQ==",
      "cpu": [
        "x64"
      ],
      "dev": true,
      "optional": true,
      "os": [
        "win32"
      ]
    },
    "node_modules/typescript": {
      "version": "5.3.3",
      "resolved": "https://registry.npmjs.org/typescript/-/typescript-5.3.3.tgz",
      "integrity": "sha512-pXWcraxM0uxAS+tN0AG/BF2TyqmHO014Z070UsJ+pFvYuRSq8KH8DmWpnbXe0pEPDHXZV3FcAbJkijJ5oNEnWw==",
      "dev": true,
      "bin": {
        "tsc": "bin/tsc",
        "tsserver": "bin/tsserver"
      },
      "engines": {
        "node": ">=14.17"
      }
    }
  }
}
